
Microsoft Visual Studio Solution File, Format Version 12.00
# Visual Studio Version 17
VisualStudioVersion = 17.0.31903.59
MinimumVisualStudioVersion = 10.0.40219.1
Project("{FAE04EC0-301F-11D3-BF4B-00C04F79EFBC}") = "TradingPlatform", "TradingPlatform\TradingPlatform.csproj", "{0CD0A0C0-08D8-44F4-A1B6-DFAA4880B3F3}"
EndProject
Project("{FAE04EC0-301F-11D3-BF4B-00C04F79EFBC}") = "TradingPlatform.Tests", "TradingPlatform.Tests\TradingPlatform.Tests.csproj", "{8B5A81F2-3CF8-4D5F-A7D7-ACE670D09793}"
EndProject
Project("{FAE04EC0-301F-11D3-BF4B-00C04F79EFBC}") = "TradingPlatform.Benchmarks", "TradingPlatform.Benchmarks\TradingPlatform.Benchmarks.csproj", "{A84BA1D9-24BF-40AC-8232-10B7C08DD9F1}"
EndProject
Global
	GlobalSection(SolutionConfigurationPlatforms) = preSolution
		Debug|Any CPU = Debug|Any CPU
		Debug|x64 = Debug|x64
		Debug|x86 = Debug|x86
		Release|Any CPU = Release|Any CPU
		Release|x64 = Release|x64
		Release|x86 = Release|x86
	EndGlobalSection
	GlobalSection(ProjectConfigurationPlatforms) = postSolution
		{0CD0A0C0-08D8-44F4-A1B6-DFAA4880B3F3}.Debug|Any CPU.ActiveCfg = Debug|Any CPU
		{0CD0A0C0-08D8-44F4-A1B6-DFAA4880B3F3}.Debug|Any CPU.Build.0 = Debug|Any CPU
		{0CD0A0C0-08D8-44F4-A1B6-DFAA4880B3F3}.Debug|x64.ActiveCfg = Debug|Any CPU
		{0CD0A0C0-08D8-44F4-A1B6-DFAA4880B3F3}.Debug|x64.Build.0 = Debug|Any CPU
		{0CD0A0C0-08D8-44F4-A1B6-DFAA4880B3F3}.Debug|x86.ActiveCfg = Debug|Any CPU
		{0CD0A0C0-08D8-44F4-A1B6-DFAA4880B3F3}.Debug|x86.Build.0 = Debug|Any CPU
		{0CD0A0C0-08D8-44F4-A1B6-DFAA4880B3F3}.Release|Any CPU.ActiveCfg = Release|Any CPU
		{0CD0A0C0-08D8-44F4-A1B6-DFAA4880B3F3}.Release|Any CPU.Build.0 = Release|Any CPU
		{0CD0A0C0-08D8-44F4-A1B6-DFAA4880B3F3}.Release|x64.ActiveCfg = Release|Any CPU
		{0CD0A0C0-08D8-44F4-A1B6-DFAA4880B3F3}.Release|x64.Build.0 = Release|Any CPU
		{0CD0A0C0-08D8-44F4-A1B6-DFAA4880B3F3}.Release|x86.ActiveCfg = Release|Any CPU
		{0CD0A0C0-08D8-44F4-A1B6-DFAA4880B3F3}.Release|x86.Build.0 = Release|Any CPU
		{8B5A81F2-3CF8-4D5F-A7D7-ACE670D09793}.Debug|Any CPU.ActiveCfg = Debug|Any CPU
		{8B5A81F2-3CF8-4D5F-A7D7-ACE670D09793}.Debug|Any CPU.Build.0 = Debug|Any CPU
		{8B5A81F2-3CF8-4D5F-A7D7-ACE670D09793}.Debug|x64.ActiveCfg = Debug|Any CPU
		{8B5A81F2-3CF8-4D5F-A7D7-ACE670D09793}.Debug|x64.Build.0 = Debug|Any CPU
		{8B5A81F2-3CF8-4D5F-A7D7-ACE670D09793}.Debug|x86.ActiveCfg = Debug|Any CPU
		{8B5A81F2-3CF8-4D5F-A7D7-ACE670D09793}.Debug|x86.Build.0 = Debug|Any CPU
		{8B5A81F2-3CF8-4D5F-A7D7-ACE670D09793}.Release|Any CPU.ActiveCfg = Release|Any CPU
		{8B5A81F2-3CF8-4D5F-A7D7-ACE670D09793}.Release|Any CPU.Build.0 = Release|Any CPU
		{8B5A81F2-3CF8-4D5F-A7D7-ACE670D09793}.Release|x64.ActiveCfg = Release|Any CPU
		{8B5A81F2-3CF8-4D5F-A7D7-ACE670D09793}.Release|x64.Build.0 = Release|Any CPU
		{8B5A81F2-3CF8-4D5F-A7D7-ACE670D09793}.Release|x86.ActiveCfg = Release|Any CPU
		{8B5A81F2-3CF8-4D5F-A7D7-ACE670D09793}.Release|x86.Build.0 = Release|Any CPU
		{A84BA1D9-24BF-40AC-8232-10B7C08DD9F1}.Debug|Any CPU.ActiveCfg = Debug|Any CPU
		{A84BA1D9-24BF-40AC-8232-10B7C08DD9F1}.Debug|Any CPU.Build.0 = Debug|Any CPU
		{A84BA1D9-24BF-40AC-8232-10B7C08DD9F1}.Debug|x64.ActiveCfg = Debug|Any CPU
		{A84BA1D9-24BF-40AC-8232-10B7C08DD9F1}.Debug|x64.Build.0 = Debug|Any CPU
		{A84BA1D9-24BF-40AC-8232-10B7C08DD9F1}.Debug|x86.ActiveCfg = Debug|Any CPU
		{A84BA1D9-24BF-40AC-8232-10B7C08DD9F1}.Debug|x86.Build.0 = Debug|Any CPU
		{A84BA1D9-24BF-40AC-8232-10B7C08DD9F1}.Release|Any CPU.ActiveCfg = Release|Any CPU
		{A84BA1D9-24BF-40AC-8232-10B7C08DD9F1}.Release|Any CPU.Build.0 = Release|Any CPU
		{A84BA1D9-24BF-40AC-8232-10B7C08DD9F1}.Release|x64.ActiveCfg = Release|Any CPU
		{A84BA1D9-24BF-40AC-8232-10B7C08DD9F1}.Release|x64.Build.0 = Release|Any CPU
		{A84BA1D9-24BF-40AC-8232-10B7C08DD9F1}.Release|x86.ActiveCfg = Release|Any CPU
		{A84BA1D9-24BF-40AC-8232-10B7C08DD9F1}.Release|x86.Build.0 = Release|Any CPU
	EndGlobalSection
	GlobalSection(SolutionProperties) = preSolution
		HideSolutionNode = FALSE
	EndGlobalSection
EndGlobal
